
Microsoft Visual Studio Solution File, Format Version 12.00
# Visual Studio Version 17
VisualStudioVersion = 17.8.34309.116
MinimumVisualStudioVersion = 10.0.40219.1
Project("{FAE04EC0-301F-11D3-BF4B-00C04F79EFBC}") = "Librery-Baez-Nicolas", "Librery-Baez-Nicolas\Librery-Baez-Nicolas.csproj", "{B3A59B71-A392-4C31-8F71-ECFAF42BC4E0}"
EndProject
Global
	GlobalSection(SolutionConfigurationPlatforms) = preSolution
		Debug|Any CPU = Debug|Any CPU
		Release|Any CPU = Release|Any CPU
	EndGlobalSection
	GlobalSection(ProjectConfigurationPlatforms) = postSolution
		{B3A59B71-A392-4C31-8F71-ECFAF42BC4E0}.Debug|Any CPU.ActiveCfg = Debug|Any CPU
		{B3A59B71-A392-4C31-8F71-ECFAF42BC4E0}.Debug|Any CPU.Build.0 = Debug|Any CPU
		{B3A59B71-A392-4C31-8F71-ECFAF42BC4E0}.Release|Any CPU.ActiveCfg = Release|Any CPU
		{B3A59B71-A392-4C31-8F71-ECFAF42BC4E0}.Release|Any CPU.Build.0 = Release|Any CPU
	EndGlobalSection
	GlobalSection(SolutionProperties) = preSolution
		HideSolutionNode = FALSE
	EndGlobalSection
	GlobalSection(ExtensibilityGlobals) = postSolution
		SolutionGuid = {923A6B6E-45D0-4329-987E-259C291BA2FC}
	EndGlobalSection
EndGlobal
